
Microsoft Visual Studio Solution File, Format Version 12.00
# Visual Studio Version 17
VisualStudioVersion = 17.3.32804.467
MinimumVisualStudioVersion = 10.0.40219.1
Project("{FAE04EC0-301F-11D3-BF4B-00C04F79EFBC}") = "Lab1", "Lab1\Lab1.csproj", "{CA0E61F6-6CB2-41DD-80B0-8DAFBAE95DB7}"
EndProject
Project("{FAE04EC0-301F-11D3-BF4B-00C04F79EFBC}") = "TestLabs", "TestLabs\TestLabs.csproj", "{8C99E48C-0B4C-41A2-BAD3-5DCA27FFC955}"
EndProject
Project("{FAE04EC0-301F-11D3-BF4B-00C04F79EFBC}") = "Controller", "Controller\Controller.csproj", "{516A0988-5F1B-490E-A930-FBA51C50D15F}"
EndProject
Global
	GlobalSection(SolutionConfigurationPlatforms) = preSolution
		Debug|Any CPU = Debug|Any CPU
		Release|Any CPU = Release|Any CPU
	EndGlobalSection
	GlobalSection(ProjectConfigurationPlatforms) = postSolution
		{CA0E61F6-6CB2-41DD-80B0-8DAFBAE95DB7}.Debug|Any CPU.ActiveCfg = Debug|Any CPU
		{CA0E61F6-6CB2-41DD-80B0-8DAFBAE95DB7}.Debug|Any CPU.Build.0 = Debug|Any CPU
		{CA0E61F6-6CB2-41DD-80B0-8DAFBAE95DB7}.Release|Any CPU.ActiveCfg = Release|Any CPU
		{CA0E61F6-6CB2-41DD-80B0-8DAFBAE95DB7}.Release|Any CPU.Build.0 = Release|Any CPU
		{8C99E48C-0B4C-41A2-BAD3-5DCA27FFC955}.Debug|Any CPU.ActiveCfg = Debug|Any CPU
		{8C99E48C-0B4C-41A2-BAD3-5DCA27FFC955}.Debug|Any CPU.Build.0 = Debug|Any CPU
		{8C99E48C-0B4C-41A2-BAD3-5DCA27FFC955}.Release|Any CPU.ActiveCfg = Release|Any CPU
		{8C99E48C-0B4C-41A2-BAD3-5DCA27FFC955}.Release|Any CPU.Build.0 = Release|Any CPU
		{516A0988-5F1B-490E-A930-FBA51C50D15F}.Debug|Any CPU.ActiveCfg = Debug|Any CPU
		{516A0988-5F1B-490E-A930-FBA51C50D15F}.Debug|Any CPU.Build.0 = Debug|Any CPU
		{516A0988-5F1B-490E-A930-FBA51C50D15F}.Release|Any CPU.ActiveCfg = Release|Any CPU
		{516A0988-5F1B-490E-A930-FBA51C50D15F}.Release|Any CPU.Build.0 = Release|Any CPU
	EndGlobalSection
	GlobalSection(SolutionProperties) = preSolution
		HideSolutionNode = FALSE
	EndGlobalSection
	GlobalSection(ExtensibilityGlobals) = postSolution
		SolutionGuid = {C4C6E09B-014B-4FAD-BFF5-3DB5F86FD8E5}
	EndGlobalSection
EndGlobal
